
Microsoft Visual Studio Solution File, Format Version 12.00
# Visual Studio 15
VisualStudioVersion = 15.0.28307.421
MinimumVisualStudioVersion = 10.0.40219.1
Project("{FAE04EC0-301F-11D3-BF4B-00C04F79EFBC}") = "UserServiceDB", "UserServiceDB\UserServiceDB.csproj", "{B2505ADF-4718-43AE-812B-E13A4C7C0C9D}"
EndProject
Global
	GlobalSection(SolutionConfigurationPlatforms) = preSolution
		Debug|Any CPU = Debug|Any CPU
		Release|Any CPU = Release|Any CPU
	EndGlobalSection
	GlobalSection(ProjectConfigurationPlatforms) = postSolution
		{B2505ADF-4718-43AE-812B-E13A4C7C0C9D}.Debug|Any CPU.ActiveCfg = Debug|Any CPU
		{B2505ADF-4718-43AE-812B-E13A4C7C0C9D}.Debug|Any CPU.Build.0 = Debug|Any CPU
		{B2505ADF-4718-43AE-812B-E13A4C7C0C9D}.Release|Any CPU.ActiveCfg = Release|Any CPU
		{B2505ADF-4718-43AE-812B-E13A4C7C0C9D}.Release|Any CPU.Build.0 = Release|Any CPU
	EndGlobalSection
	GlobalSection(SolutionProperties) = preSolution
		HideSolutionNode = FALSE
	EndGlobalSection
	GlobalSection(ExtensibilityGlobals) = postSolution
		SolutionGuid = {C27F7749-B2FD-4E03-A724-604DAA519D40}
	EndGlobalSection
EndGlobal
